
Microsoft Visual Studio Solution File, Format Version 12.00
# Visual Studio Version 16
VisualStudioVersion = 16.0.32630.194
MinimumVisualStudioVersion = 10.0.40219.1
Project("{FAE04EC0-301F-11D3-BF4B-00C04F79EFBC}") = "tamagotchi", "tamagotchi\tamagotchi.csproj", "{EFCDFCD7-00FB-47BA-9AEC-6A12E79BC4E7}"
EndProject
Global
	GlobalSection(SolutionConfigurationPlatforms) = preSolution
		Debug|Any CPU = Debug|Any CPU
		Release|Any CPU = Release|Any CPU
	EndGlobalSection
	GlobalSection(ProjectConfigurationPlatforms) = postSolution
		{EFCDFCD7-00FB-47BA-9AEC-6A12E79BC4E7}.Debug|Any CPU.ActiveCfg = Debug|Any CPU
		{EFCDFCD7-00FB-47BA-9AEC-6A12E79BC4E7}.Debug|Any CPU.Build.0 = Debug|Any CPU
		{EFCDFCD7-00FB-47BA-9AEC-6A12E79BC4E7}.Release|Any CPU.ActiveCfg = Release|Any CPU
		{EFCDFCD7-00FB-47BA-9AEC-6A12E79BC4E7}.Release|Any CPU.Build.0 = Release|Any CPU
	EndGlobalSection
	GlobalSection(SolutionProperties) = preSolution
		HideSolutionNode = FALSE
	EndGlobalSection
	GlobalSection(ExtensibilityGlobals) = postSolution
		SolutionGuid = {06246AF4-E4E3-42BC-9D70-64D0C8189278}
	EndGlobalSection
EndGlobal
